<Solution>
  <Project Path="src//Grafana.Sigil.Anthropic//Grafana.Sigil.Anthropic.csproj" />
  <Project Path="src//Grafana.Sigil.Gemini//Grafana.Sigil.Gemini.csproj" />
  <Project Path="src//Grafana.Sigil.OpenAI//Grafana.Sigil.OpenAI.csproj" />
  <Project Path="src//Grafana.Sigil//Grafana.Sigil.csproj" />
  <Project Path="tests//Grafana.Sigil.Anthropic.Tests//Grafana.Sigil.Anthropic.Tests.csproj" />
  <Project Path="tests//Grafana.Sigil.Gemini.Tests//Grafana.Sigil.Gemini.Tests.csproj" />
  <Project Path="tests//Grafana.Sigil.OpenAI.Tests//Grafana.Sigil.OpenAI.Tests.csproj" />
  <Project Path="tests//Grafana.Sigil.Tests//Grafana.Sigil.Tests.csproj" />
</Solution>
